
Microsoft Visual Studio Solution File, Format Version 12.00
# Visual Studio 15
VisualStudioVersion = 15.0.28307.421
MinimumVisualStudioVersion = 10.0.40219.1
Project("{FAE04EC0-301F-11D3-BF4B-00C04F79EFBC}") = "Distribucion_de_Reparaciones_Geneticos", "Distribucion_de_Reparaciones_Geneticos\Distribucion_de_Reparaciones_Geneticos.csproj", "{D642ED00-04EA-41C7-A3CE-981787850E83}"
EndProject
Global
	GlobalSection(SolutionConfigurationPlatforms) = preSolution
		Debug|Any CPU = Debug|Any CPU
		Release|Any CPU = Release|Any CPU
	EndGlobalSection
	GlobalSection(ProjectConfigurationPlatforms) = postSolution
		{D642ED00-04EA-41C7-A3CE-981787850E83}.Debug|Any CPU.ActiveCfg = Debug|Any CPU
		{D642ED00-04EA-41C7-A3CE-981787850E83}.Debug|Any CPU.Build.0 = Debug|Any CPU
		{D642ED00-04EA-41C7-A3CE-981787850E83}.Release|Any CPU.ActiveCfg = Release|Any CPU
		{D642ED00-04EA-41C7-A3CE-981787850E83}.Release|Any CPU.Build.0 = Release|Any CPU
	EndGlobalSection
	GlobalSection(SolutionProperties) = preSolution
		HideSolutionNode = FALSE
	EndGlobalSection
	GlobalSection(ExtensibilityGlobals) = postSolution
		SolutionGuid = {AEF2E9E7-B32B-4AEF-A4AE-F4A1E75D08A1}
	EndGlobalSection
EndGlobal
